{
    "_readme": [
        "This file locks the dependencies of your project to a known state",
        "Read more about it at https://getcomposer.org/doc/01-basic-usage.md#installing-dependencies",
        "This file is @generated automatically"
    ],
    "content-hash": "cfd56e700a51f30e8de32b0bb0a0a0a7",
    "packages": [],
    "packages-dev": [
        {
            "name": "bamarni/composer-bin-plugin",
            "version": "1.4.0",
            "source": {
                "type": "git",
                "url": "https://github.com/bamarni/composer-bin-plugin.git",
                "reference": "46cb272590cc6b7f5947655063a7fd6ea097838b"
            },
            "dist": {
                "type": "zip",
                "url": "https://api.github.com/repos/bamarni/composer-bin-plugin/zipball/46cb272590cc6b7f5947655063a7fd6ea097838b",
                "reference": "46cb272590cc6b7f5947655063a7fd6ea097838b",
                "shasum": ""
            },
            "require": {
                "composer-plugin-api": "^1.0 || ^2.0",
                "php": "^5.6 || ^7.0 || ^8.0"
            },
            "require-dev": {
                "composer/composer": "^1.0 || ^2.0",
                "symfony/console": "^2.5 || ^3.0 || ^4.0"
            },
            "type": "composer-plugin",
            "extra": {
                "class": "Bamarni\\Composer\\Bin\\Plugin"
            },
            "autoload": {
                "psr-4": {
                    "Bamarni\\Composer\\Bin\\": "src"
                }
            },
            "notification-url": "https://packagist.org/downloads/",
            "license": [
                "MIT"
            ],
            "description": "No conflicts for your bin dependencies",
            "keywords": [
                "composer",
                "conflict",
                "dependency",
                "executable",
                "isolation",
                "tool"
            ],
            "time": "2020-04-17T09:33:47+00:00"
        },
        {
            "name": "phpstan/phpstan",
            "version": "0.12.25",
            "source": {
                "type": "git",
                "url": "https://github.com/phpstan/phpstan.git",
                "reference": "9619551d68b2d4c0d681a8df73f3c847c798ee64"
            },
            "dist": {
                "type": "zip",
                "url": "https://api.github.com/repos/phpstan/phpstan/zipball/9619551d68b2d4c0d681a8df73f3c847c798ee64",
                "reference": "9619551d68b2d4c0d681a8df73f3c847c798ee64",
                "shasum": ""
            },
            "require": {
                "php": "^7.1"
            },
            "conflict": {
                "phpstan/phpstan-shim": "*"
            },
            "bin": [
                "phpstan",
                "phpstan.phar"
            ],
            "type": "library",
            "extra": {
                "branch-alias": {
                    "dev-master": "0.12-dev"
                }
            },
            "autoload": {
                "files": [
                    "bootstrap.php"
                ]
            },
            "notification-url": "https://packagist.org/downloads/",
            "license": [
                "MIT"
            ],
            "description": "PHPStan - PHP Static Analysis Tool",
            "funding": [
                {
                    "url": "https://github.com/ondrejmirtes",
                    "type": "github"
                },
                {
                    "url": "https://www.patreon.com/phpstan",
                    "type": "patreon"
                },
                {
                    "url": "https://tidelift.com/funding/github/packagist/phpstan/phpstan",
                    "type": "tidelift"
                }
            ],
            "time": "2020-05-10T20:36:16+00:00"
        }
    ],
    "aliases": [],
    "minimum-stability": "stable",
    "stability-flags": [],
    "prefer-stable": false,
    "prefer-lowest": false,
    "platform": {
        "php": "^7.1 || ^8.0"
    },
    "platform-dev": [],
    "platform-overrides": {
        "php": "7.1.0"
    },
    "plugin-api-version": "1.1.0"
}
